
Microsoft Visual Studio Solution File, Format Version 12.00
# Visual Studio Version 17
VisualStudioVersion = 17.5.002.0
MinimumVisualStudioVersion = 10.0.40219.1
Project("{9A19103F-16F7-4668-BE54-9A1E7A4F7556}") = "ClothingDapper", "ClothingDapper.csproj", "{783EC25D-8679-44F2-B2B9-3FF4BBCFA283}"
EndProject
Global
	GlobalSection(SolutionConfigurationPlatforms) = preSolution
		Debug|Any CPU = Debug|Any CPU
		Release|Any CPU = Release|Any CPU
	EndGlobalSection
	GlobalSection(ProjectConfigurationPlatforms) = postSolution
		{783EC25D-8679-44F2-B2B9-3FF4BBCFA283}.Debug|Any CPU.ActiveCfg = Debug|Any CPU
		{783EC25D-8679-44F2-B2B9-3FF4BBCFA283}.Debug|Any CPU.Build.0 = Debug|Any CPU
		{783EC25D-8679-44F2-B2B9-3FF4BBCFA283}.Release|Any CPU.ActiveCfg = Release|Any CPU
		{783EC25D-8679-44F2-B2B9-3FF4BBCFA283}.Release|Any CPU.Build.0 = Release|Any CPU
	EndGlobalSection
	GlobalSection(SolutionProperties) = preSolution
		HideSolutionNode = FALSE
	EndGlobalSection
	GlobalSection(ExtensibilityGlobals) = postSolution
		SolutionGuid = {5C7B1AE3-991C-41FB-AA7F-89372EEF27BF}
	EndGlobalSection
EndGlobal
