
Microsoft Visual Studio Solution File, Format Version 12.00
# Visual Studio Version 17
VisualStudioVersion = 17.7.34221.43
MinimumVisualStudioVersion = 10.0.40219.1
Project("{FAE04EC0-301F-11D3-BF4B-00C04F79EFBC}") = "ClothingDapper", "ClothingDapper\ClothingDapper.csproj", "{1D9B30D6-4FBC-4715-87DB-E8E5D34009B2}"
EndProject
Global
	GlobalSection(SolutionConfigurationPlatforms) = preSolution
		Debug|Any CPU = Debug|Any CPU
		Release|Any CPU = Release|Any CPU
	EndGlobalSection
	GlobalSection(ProjectConfigurationPlatforms) = postSolution
		{1D9B30D6-4FBC-4715-87DB-E8E5D34009B2}.Debug|Any CPU.ActiveCfg = Debug|Any CPU
		{1D9B30D6-4FBC-4715-87DB-E8E5D34009B2}.Debug|Any CPU.Build.0 = Debug|Any CPU
		{1D9B30D6-4FBC-4715-87DB-E8E5D34009B2}.Release|Any CPU.ActiveCfg = Release|Any CPU
		{1D9B30D6-4FBC-4715-87DB-E8E5D34009B2}.Release|Any CPU.Build.0 = Release|Any CPU
	EndGlobalSection
	GlobalSection(SolutionProperties) = preSolution
		HideSolutionNode = FALSE
	EndGlobalSection
	GlobalSection(ExtensibilityGlobals) = postSolution
		SolutionGuid = {BDA6FB80-30BA-4A13-A8A4-51A141D8DEDC}
	EndGlobalSection
EndGlobal
